
Microsoft Visual Studio Solution File, Format Version 12.00
# Visual Studio Version 17
VisualStudioVersion = 17.8.34309.116
MinimumVisualStudioVersion = 10.0.40219.1
Project("{FAE04EC0-301F-11D3-BF4B-00C04F79EFBC}") = "UUPOS_Project", "UUPOS_Project\UUPOS_Project.csproj", "{BEBA2145-096B-49DA-B793-039A2A8D95A2}"
EndProject
Global
	GlobalSection(SolutionConfigurationPlatforms) = preSolution
		Debug|Any CPU = Debug|Any CPU
		Release|Any CPU = Release|Any CPU
	EndGlobalSection
	GlobalSection(ProjectConfigurationPlatforms) = postSolution
		{BEBA2145-096B-49DA-B793-039A2A8D95A2}.Debug|Any CPU.ActiveCfg = Debug|Any CPU
		{BEBA2145-096B-49DA-B793-039A2A8D95A2}.Debug|Any CPU.Build.0 = Debug|Any CPU
		{BEBA2145-096B-49DA-B793-039A2A8D95A2}.Release|Any CPU.ActiveCfg = Release|Any CPU
		{BEBA2145-096B-49DA-B793-039A2A8D95A2}.Release|Any CPU.Build.0 = Release|Any CPU
	EndGlobalSection
	GlobalSection(SolutionProperties) = preSolution
		HideSolutionNode = FALSE
	EndGlobalSection
	GlobalSection(ExtensibilityGlobals) = postSolution
		SolutionGuid = {6793DD13-1842-4C65-BF6A-151F9ADD42D5}
	EndGlobalSection
EndGlobal
